
Microsoft Visual Studio Solution File, Format Version 12.00
Project("{FAE04EC0-301F-11D3-BF4B-00C04F79EFBC}") = "SudokuBacktraking", "SudokuBacktraking\SudokuBacktraking.csproj", "{2301E1D4-5F32-4B76-8464-9EE23468DAAE}"
EndProject
Global
	GlobalSection(SolutionConfigurationPlatforms) = preSolution
		Debug|Any CPU = Debug|Any CPU
		Release|Any CPU = Release|Any CPU
	EndGlobalSection
	GlobalSection(ProjectConfigurationPlatforms) = postSolution
		{2301E1D4-5F32-4B76-8464-9EE23468DAAE}.Debug|Any CPU.ActiveCfg = Debug|Any CPU
		{2301E1D4-5F32-4B76-8464-9EE23468DAAE}.Debug|Any CPU.Build.0 = Debug|Any CPU
		{2301E1D4-5F32-4B76-8464-9EE23468DAAE}.Release|Any CPU.ActiveCfg = Release|Any CPU
		{2301E1D4-5F32-4B76-8464-9EE23468DAAE}.Release|Any CPU.Build.0 = Release|Any CPU
	EndGlobalSection
EndGlobal
